
Microsoft Visual Studio Solution File, Format Version 12.00
# Visual Studio 2013
VisualStudioVersion = 12.0.21005.1
MinimumVisualStudioVersion = 10.0.40219.1
Project("{FAE04EC0-301F-11D3-BF4B-00C04F79EFBC}") = "NetTransfer", "NetTransfer\NetTransfer.csproj", "{4B983A57-AE54-414B-9E35-6B46C373309D}"
EndProject
Project("{FAE04EC0-301F-11D3-BF4B-00C04F79EFBC}") = "OperateBook", "OperateBook\OperateBook.csproj", "{E7704132-AFD8-4720-A4FC-3C259BD10DFE}"
EndProject
Global
	GlobalSection(SolutionConfigurationPlatforms) = preSolution
		Debug|Any CPU = Debug|Any CPU
		Release|Any CPU = Release|Any CPU
	EndGlobalSection
	GlobalSection(ProjectConfigurationPlatforms) = postSolution
		{4B983A57-AE54-414B-9E35-6B46C373309D}.Debug|Any CPU.ActiveCfg = Debug|Any CPU
		{4B983A57-AE54-414B-9E35-6B46C373309D}.Debug|Any CPU.Build.0 = Debug|Any CPU
		{4B983A57-AE54-414B-9E35-6B46C373309D}.Release|Any CPU.ActiveCfg = Release|Any CPU
		{4B983A57-AE54-414B-9E35-6B46C373309D}.Release|Any CPU.Build.0 = Release|Any CPU
		{E7704132-AFD8-4720-A4FC-3C259BD10DFE}.Debug|Any CPU.ActiveCfg = Debug|Any CPU
		{E7704132-AFD8-4720-A4FC-3C259BD10DFE}.Debug|Any CPU.Build.0 = Debug|Any CPU
		{E7704132-AFD8-4720-A4FC-3C259BD10DFE}.Release|Any CPU.ActiveCfg = Release|Any CPU
		{E7704132-AFD8-4720-A4FC-3C259BD10DFE}.Release|Any CPU.Build.0 = Release|Any CPU
	EndGlobalSection
	GlobalSection(SolutionProperties) = preSolution
		HideSolutionNode = FALSE
	EndGlobalSection
EndGlobal
